
Microsoft Visual Studio Solution File, Format Version 12.00
# Visual Studio Version 16
VisualStudioVersion = 16.0.29418.71
MinimumVisualStudioVersion = 10.0.40219.1
Project("{FAE04EC0-301F-11D3-BF4B-00C04F79EFBC}") = "gs.RolePermission.Model", "gs.RolePermission.Model\gs.RolePermission.Model.csproj", "{44D9891F-C26F-4200-A558-CBD203B0B235}"
EndProject
Project("{FAE04EC0-301F-11D3-BF4B-00C04F79EFBC}") = "gs.RolePermission.Common", "gs.RolePermission.Common\gs.RolePermission.Common.csproj", "{EB3BF46C-B6AE-4049-B762-DD625A79ED91}"
EndProject
Project("{FAE04EC0-301F-11D3-BF4B-00C04F79EFBC}") = "gs.RolePermission.DAL", "gs.RolePermission.DAL\gs.RolePermission.DAL.csproj", "{8CE4D058-3742-4EC4-AF44-4ABE55D66026}"
EndProject
Project("{FAE04EC0-301F-11D3-BF4B-00C04F79EFBC}") = "gs.RolePermission.BLL", "gs.RolePermission.BLL\gs.RolePermission.BLL.csproj", "{89183DA7-EE40-4258-9D02-FB181FDD4DA1}"
EndProject
Project("{2150E333-8FDC-42A3-9474-1A3956D46DE8}") = "BLL", "BLL", "{2FFAC8B4-D7B3-478E-AD0E-0F6F4D52DF2B}"
EndProject
Project("{2150E333-8FDC-42A3-9474-1A3956D46DE8}") = "Common", "Common", "{720BF893-9EA6-4212-8FFE-7FD9BBCE8411}"
EndProject
Project("{2150E333-8FDC-42A3-9474-1A3956D46DE8}") = "DAL", "DAL", "{0344413D-B586-4AE0-AA25-CC02FC8C0930}"
EndProject
Project("{2150E333-8FDC-42A3-9474-1A3956D46DE8}") = "Model", "Model", "{B237A8B6-6A01-40DD-A501-EA8F2AC2CFAF}"
EndProject
Project("{2150E333-8FDC-42A3-9474-1A3956D46DE8}") = "UI", "UI", "{C3BEBBFE-CFD0-4BE0-AF92-7B90A6D094EB}"
EndProject
Project("{2150E333-8FDC-42A3-9474-1A3956D46DE8}") = "Demos", "Demos", "{A5E4D79D-0C05-4B95-A0BE-268B89B37001}"
EndProject
Project("{FAE04EC0-301F-11D3-BF4B-00C04F79EFBC}") = "EFDemo", "EFDemo\EFDemo.csproj", "{5012FD45-C13A-46FB-97C6-50DA96E8C55F}"
EndProject
Project("{FAE04EC0-301F-11D3-BF4B-00C04F79EFBC}") = "gs.RolePermission.DALTests", "gs.RolePermission.DALTests\gs.RolePermission.DALTests.csproj", "{BDA0BF40-B7D6-4F3A-9160-321075FA67EF}"
EndProject
Project("{2150E333-8FDC-42A3-9474-1A3956D46DE8}") = "UnitTest", "UnitTest", "{48A6508C-7AD1-41E5-8AEB-A26658F674DB}"
EndProject
Project("{FAE04EC0-301F-11D3-BF4B-00C04F79EFBC}") = "gs.RolePermission.IDAL", "gs.RolePermission.IDAL\gs.RolePermission.IDAL.csproj", "{E3D40985-D9B2-48FC-B9D5-95CF548DD093}"
EndProject
Project("{FAE04EC0-301F-11D3-BF4B-00C04F79EFBC}") = "gs.RolePermission.NHDAL", "gs.RolePermission.NHDAL\gs.RolePermission.NHDAL.csproj", "{1EC5E11A-5358-445F-AB3A-D61AF2E08296}"
EndProject
Project("{FAE04EC0-301F-11D3-BF4B-00C04F79EFBC}") = "gs.RolePermission.DALFactory", "gs.RolePermission.DALFactory\gs.RolePermission.DALFactory.csproj", "{EEC0716B-1464-4133-99E8-F0E7C0959387}"
EndProject
Project("{FAE04EC0-301F-11D3-BF4B-00C04F79EFBC}") = "gs.RolePermission.DALFactoryTests", "gs.RolePermission.DALFactoryTests\gs.RolePermission.DALFactoryTests.csproj", "{F7672554-80EE-4497-84AF-C3FB51F8D497}"
EndProject
Project("{FAE04EC0-301F-11D3-BF4B-00C04F79EFBC}") = "gs.RolePermission.IBLL", "gs.RolePermission.IBLL\gs.RolePermission.IBLL.csproj", "{A0B582AE-2275-4B5A-ACFA-5F2648A23EA6}"
EndProject
Project("{FAE04EC0-301F-11D3-BF4B-00C04F79EFBC}") = "gs.RolePermission.UI.Portal", "gs.RolePermission.UI.Portal\gs.RolePermission.UI.Portal.csproj", "{61922043-96D8-4A19-9BA7-9EAC5DFEC869}"
EndProject
Project("{FAE04EC0-301F-11D3-BF4B-00C04F79EFBC}") = "SpringNetDemo", "SpringNetDemo\SpringNetDemo.csproj", "{2E134B2B-25E4-479B-B339-72065EB96B9A}"
EndProject
Global
	GlobalSection(SolutionConfigurationPlatforms) = preSolution
		Debug|Any CPU = Debug|Any CPU
		Release|Any CPU = Release|Any CPU
	EndGlobalSection
	GlobalSection(ProjectConfigurationPlatforms) = postSolution
		{44D9891F-C26F-4200-A558-CBD203B0B235}.Debug|Any CPU.ActiveCfg = Debug|Any CPU
		{44D9891F-C26F-4200-A558-CBD203B0B235}.Debug|Any CPU.Build.0 = Debug|Any CPU
		{44D9891F-C26F-4200-A558-CBD203B0B235}.Release|Any CPU.ActiveCfg = Release|Any CPU
		{44D9891F-C26F-4200-A558-CBD203B0B235}.Release|Any CPU.Build.0 = Release|Any CPU
		{EB3BF46C-B6AE-4049-B762-DD625A79ED91}.Debug|Any CPU.ActiveCfg = Debug|Any CPU
		{EB3BF46C-B6AE-4049-B762-DD625A79ED91}.Debug|Any CPU.Build.0 = Debug|Any CPU
		{EB3BF46C-B6AE-4049-B762-DD625A79ED91}.Release|Any CPU.ActiveCfg = Release|Any CPU
		{EB3BF46C-B6AE-4049-B762-DD625A79ED91}.Release|Any CPU.Build.0 = Release|Any CPU
		{8CE4D058-3742-4EC4-AF44-4ABE55D66026}.Debug|Any CPU.ActiveCfg = Debug|Any CPU
		{8CE4D058-3742-4EC4-AF44-4ABE55D66026}.Debug|Any CPU.Build.0 = Debug|Any CPU
		{8CE4D058-3742-4EC4-AF44-4ABE55D66026}.Release|Any CPU.ActiveCfg = Release|Any CPU
		{8CE4D058-3742-4EC4-AF44-4ABE55D66026}.Release|Any CPU.Build.0 = Release|Any CPU
		{89183DA7-EE40-4258-9D02-FB181FDD4DA1}.Debug|Any CPU.ActiveCfg = Debug|Any CPU
		{89183DA7-EE40-4258-9D02-FB181FDD4DA1}.Debug|Any CPU.Build.0 = Debug|Any CPU
		{89183DA7-EE40-4258-9D02-FB181FDD4DA1}.Release|Any CPU.ActiveCfg = Release|Any CPU
		{89183DA7-EE40-4258-9D02-FB181FDD4DA1}.Release|Any CPU.Build.0 = Release|Any CPU
		{5012FD45-C13A-46FB-97C6-50DA96E8C55F}.Debug|Any CPU.ActiveCfg = Debug|Any CPU
		{5012FD45-C13A-46FB-97C6-50DA96E8C55F}.Debug|Any CPU.Build.0 = Debug|Any CPU
		{5012FD45-C13A-46FB-97C6-50DA96E8C55F}.Release|Any CPU.ActiveCfg = Release|Any CPU
		{5012FD45-C13A-46FB-97C6-50DA96E8C55F}.Release|Any CPU.Build.0 = Release|Any CPU
		{BDA0BF40-B7D6-4F3A-9160-321075FA67EF}.Debug|Any CPU.ActiveCfg = Debug|Any CPU
		{BDA0BF40-B7D6-4F3A-9160-321075FA67EF}.Debug|Any CPU.Build.0 = Debug|Any CPU
		{BDA0BF40-B7D6-4F3A-9160-321075FA67EF}.Release|Any CPU.ActiveCfg = Release|Any CPU
		{BDA0BF40-B7D6-4F3A-9160-321075FA67EF}.Release|Any CPU.Build.0 = Release|Any CPU
		{E3D40985-D9B2-48FC-B9D5-95CF548DD093}.Debug|Any CPU.ActiveCfg = Debug|Any CPU
		{E3D40985-D9B2-48FC-B9D5-95CF548DD093}.Debug|Any CPU.Build.0 = Debug|Any CPU
		{E3D40985-D9B2-48FC-B9D5-95CF548DD093}.Release|Any CPU.ActiveCfg = Release|Any CPU
		{E3D40985-D9B2-48FC-B9D5-95CF548DD093}.Release|Any CPU.Build.0 = Release|Any CPU
		{1EC5E11A-5358-445F-AB3A-D61AF2E08296}.Debug|Any CPU.ActiveCfg = Debug|Any CPU
		{1EC5E11A-5358-445F-AB3A-D61AF2E08296}.Debug|Any CPU.Build.0 = Debug|Any CPU
		{1EC5E11A-5358-445F-AB3A-D61AF2E08296}.Release|Any CPU.ActiveCfg = Release|Any CPU
		{1EC5E11A-5358-445F-AB3A-D61AF2E08296}.Release|Any CPU.Build.0 = Release|Any CPU
		{EEC0716B-1464-4133-99E8-F0E7C0959387}.Debug|Any CPU.ActiveCfg = Debug|Any CPU
		{EEC0716B-1464-4133-99E8-F0E7C0959387}.Debug|Any CPU.Build.0 = Debug|Any CPU
		{EEC0716B-1464-4133-99E8-F0E7C0959387}.Release|Any CPU.ActiveCfg = Release|Any CPU
		{EEC0716B-1464-4133-99E8-F0E7C0959387}.Release|Any CPU.Build.0 = Release|Any CPU
		{F7672554-80EE-4497-84AF-C3FB51F8D497}.Debug|Any CPU.ActiveCfg = Debug|Any CPU
		{F7672554-80EE-4497-84AF-C3FB51F8D497}.Debug|Any CPU.Build.0 = Debug|Any CPU
		{F7672554-80EE-4497-84AF-C3FB51F8D497}.Release|Any CPU.ActiveCfg = Release|Any CPU
		{F7672554-80EE-4497-84AF-C3FB51F8D497}.Release|Any CPU.Build.0 = Release|Any CPU
		{A0B582AE-2275-4B5A-ACFA-5F2648A23EA6}.Debug|Any CPU.ActiveCfg = Debug|Any CPU
		{A0B582AE-2275-4B5A-ACFA-5F2648A23EA6}.Debug|Any CPU.Build.0 = Debug|Any CPU
		{A0B582AE-2275-4B5A-ACFA-5F2648A23EA6}.Release|Any CPU.ActiveCfg = Release|Any CPU
		{A0B582AE-2275-4B5A-ACFA-5F2648A23EA6}.Release|Any CPU.Build.0 = Release|Any CPU
		{61922043-96D8-4A19-9BA7-9EAC5DFEC869}.Debug|Any CPU.ActiveCfg = Debug|Any CPU
		{61922043-96D8-4A19-9BA7-9EAC5DFEC869}.Debug|Any CPU.Build.0 = Debug|Any CPU
		{61922043-96D8-4A19-9BA7-9EAC5DFEC869}.Release|Any CPU.ActiveCfg = Release|Any CPU
		{61922043-96D8-4A19-9BA7-9EAC5DFEC869}.Release|Any CPU.Build.0 = Release|Any CPU
		{2E134B2B-25E4-479B-B339-72065EB96B9A}.Debug|Any CPU.ActiveCfg = Debug|Any CPU
		{2E134B2B-25E4-479B-B339-72065EB96B9A}.Debug|Any CPU.Build.0 = Debug|Any CPU
		{2E134B2B-25E4-479B-B339-72065EB96B9A}.Release|Any CPU.ActiveCfg = Release|Any CPU
		{2E134B2B-25E4-479B-B339-72065EB96B9A}.Release|Any CPU.Build.0 = Release|Any CPU
	EndGlobalSection
	GlobalSection(SolutionProperties) = preSolution
		HideSolutionNode = FALSE
	EndGlobalSection
	GlobalSection(NestedProjects) = preSolution
		{44D9891F-C26F-4200-A558-CBD203B0B235} = {B237A8B6-6A01-40DD-A501-EA8F2AC2CFAF}
		{EB3BF46C-B6AE-4049-B762-DD625A79ED91} = {720BF893-9EA6-4212-8FFE-7FD9BBCE8411}
		{8CE4D058-3742-4EC4-AF44-4ABE55D66026} = {0344413D-B586-4AE0-AA25-CC02FC8C0930}
		{89183DA7-EE40-4258-9D02-FB181FDD4DA1} = {2FFAC8B4-D7B3-478E-AD0E-0F6F4D52DF2B}
		{5012FD45-C13A-46FB-97C6-50DA96E8C55F} = {A5E4D79D-0C05-4B95-A0BE-268B89B37001}
		{BDA0BF40-B7D6-4F3A-9160-321075FA67EF} = {48A6508C-7AD1-41E5-8AEB-A26658F674DB}
		{E3D40985-D9B2-48FC-B9D5-95CF548DD093} = {0344413D-B586-4AE0-AA25-CC02FC8C0930}
		{1EC5E11A-5358-445F-AB3A-D61AF2E08296} = {0344413D-B586-4AE0-AA25-CC02FC8C0930}
		{EEC0716B-1464-4133-99E8-F0E7C0959387} = {0344413D-B586-4AE0-AA25-CC02FC8C0930}
		{F7672554-80EE-4497-84AF-C3FB51F8D497} = {48A6508C-7AD1-41E5-8AEB-A26658F674DB}
		{A0B582AE-2275-4B5A-ACFA-5F2648A23EA6} = {2FFAC8B4-D7B3-478E-AD0E-0F6F4D52DF2B}
		{61922043-96D8-4A19-9BA7-9EAC5DFEC869} = {C3BEBBFE-CFD0-4BE0-AF92-7B90A6D094EB}
		{2E134B2B-25E4-479B-B339-72065EB96B9A} = {A5E4D79D-0C05-4B95-A0BE-268B89B37001}
	EndGlobalSection
	GlobalSection(ExtensibilityGlobals) = postSolution
		SolutionGuid = {9A783FE9-33FA-4680-A9F6-5E493DAFEA7D}
	EndGlobalSection
EndGlobal
